
Microsoft Visual Studio Solution File, Format Version 12.00
# Visual Studio Version 17
VisualStudioVersion = 17.0.32112.339
MinimumVisualStudioVersion = 10.0.40219.1
Project("{FAE04EC0-301F-11D3-BF4B-00C04F79EFBC}") = "Marvelous.AccountCheckingByChuZhig", "Marvelous.AccountCheckingByChuZhig\Marvelous.AccountCheckingByChuZhig.csproj", "{32BE650E-73AE-4D4A-AD12-587BDA61ACCE}"
EndProject
Project("{FAE04EC0-301F-11D3-BF4B-00C04F79EFBC}") = "Marvelous.AccountCheckingByChuZhig.BLL", "Marvelous.AccountCheckingByChuZhig.BLL\Marvelous.AccountCheckingByChuZhig.BLL.csproj", "{C5C89CE4-953F-466E-8B12-B3C141515F29}"
EndProject
Project("{FAE04EC0-301F-11D3-BF4B-00C04F79EFBC}") = "ConsoleApp1", "ConsoleApp1\ConsoleApp1.csproj", "{431E832C-CBB2-48EB-9D75-8B75442C004A}"
EndProject
Global
	GlobalSection(SolutionConfigurationPlatforms) = preSolution
		Debug|Any CPU = Debug|Any CPU
		Release|Any CPU = Release|Any CPU
	EndGlobalSection
	GlobalSection(ProjectConfigurationPlatforms) = postSolution
		{32BE650E-73AE-4D4A-AD12-587BDA61ACCE}.Debug|Any CPU.ActiveCfg = Debug|Any CPU
		{32BE650E-73AE-4D4A-AD12-587BDA61ACCE}.Debug|Any CPU.Build.0 = Debug|Any CPU
		{32BE650E-73AE-4D4A-AD12-587BDA61ACCE}.Release|Any CPU.ActiveCfg = Release|Any CPU
		{32BE650E-73AE-4D4A-AD12-587BDA61ACCE}.Release|Any CPU.Build.0 = Release|Any CPU
		{C5C89CE4-953F-466E-8B12-B3C141515F29}.Debug|Any CPU.ActiveCfg = Debug|Any CPU
		{C5C89CE4-953F-466E-8B12-B3C141515F29}.Debug|Any CPU.Build.0 = Debug|Any CPU
		{C5C89CE4-953F-466E-8B12-B3C141515F29}.Release|Any CPU.ActiveCfg = Release|Any CPU
		{C5C89CE4-953F-466E-8B12-B3C141515F29}.Release|Any CPU.Build.0 = Release|Any CPU
		{431E832C-CBB2-48EB-9D75-8B75442C004A}.Debug|Any CPU.ActiveCfg = Debug|Any CPU
		{431E832C-CBB2-48EB-9D75-8B75442C004A}.Debug|Any CPU.Build.0 = Debug|Any CPU
		{431E832C-CBB2-48EB-9D75-8B75442C004A}.Release|Any CPU.ActiveCfg = Release|Any CPU
		{431E832C-CBB2-48EB-9D75-8B75442C004A}.Release|Any CPU.Build.0 = Release|Any CPU
	EndGlobalSection
	GlobalSection(SolutionProperties) = preSolution
		HideSolutionNode = FALSE
	EndGlobalSection
	GlobalSection(ExtensibilityGlobals) = postSolution
		SolutionGuid = {7A90F07C-A49B-4853-B8B4-E00A6678EE99}
	EndGlobalSection
EndGlobal
