
Microsoft Visual Studio Solution File, Format Version 12.00
# Visual Studio Version 17
VisualStudioVersion = 17.0.32112.339
MinimumVisualStudioVersion = 10.0.40219.1
Project("{9A19103F-16F7-4668-BE54-9A1E7A4F7556}") = "Marvelous.AccountCheckingByChuZhig.BLL", "Marvelous.AccountCheckingByChuZhig.BLL\Marvelous.AccountCheckingByChuZhig.BLL.csproj", "{C5C89CE4-953F-466E-8B12-B3C141515F29}"
EndProject
Project("{9A19103F-16F7-4668-BE54-9A1E7A4F7556}") = "Marvelous.AccountCheckingByChuZhig.HostProject", "Marvelous.AccountCheckingByChuZhig.HostProject\Marvelous.AccountCheckingByChuZhig.HostProject.csproj", "{1A0FADBE-D2E6-4E51-955E-691C645FDCAD}"
EndProject
Global
	GlobalSection(SolutionConfigurationPlatforms) = preSolution
		Debug|Any CPU = Debug|Any CPU
		Release|Any CPU = Release|Any CPU
	EndGlobalSection
	GlobalSection(ProjectConfigurationPlatforms) = postSolution
		{C5C89CE4-953F-466E-8B12-B3C141515F29}.Debug|Any CPU.ActiveCfg = Debug|Any CPU
		{C5C89CE4-953F-466E-8B12-B3C141515F29}.Debug|Any CPU.Build.0 = Debug|Any CPU
		{C5C89CE4-953F-466E-8B12-B3C141515F29}.Release|Any CPU.ActiveCfg = Release|Any CPU
		{C5C89CE4-953F-466E-8B12-B3C141515F29}.Release|Any CPU.Build.0 = Release|Any CPU
		{1A0FADBE-D2E6-4E51-955E-691C645FDCAD}.Debug|Any CPU.ActiveCfg = Debug|Any CPU
		{1A0FADBE-D2E6-4E51-955E-691C645FDCAD}.Debug|Any CPU.Build.0 = Debug|Any CPU
		{1A0FADBE-D2E6-4E51-955E-691C645FDCAD}.Release|Any CPU.ActiveCfg = Release|Any CPU
		{1A0FADBE-D2E6-4E51-955E-691C645FDCAD}.Release|Any CPU.Build.0 = Release|Any CPU
	EndGlobalSection
	GlobalSection(SolutionProperties) = preSolution
		HideSolutionNode = FALSE
	EndGlobalSection
	GlobalSection(ExtensibilityGlobals) = postSolution
		SolutionGuid = {7A90F07C-A49B-4853-B8B4-E00A6678EE99}
	EndGlobalSection
EndGlobal
